// !$*UTF8*$!
{
	archiveVersion = 1;
	classes = {
	};
	objectVersion = 46;
	objects = {

/* Begin PBXBuildFile section */
		C6C62C451D21C8A100894F58 /* AppDelegate.swift in Sources */ = {isa = PBXBuildFile; fileRef = C6C62C441D21C8A100894F58 /* AppDelegate.swift */; };
		C6C62C4A1D21C8A100894F58 /* Main.storyboard in Resources */ = {isa = PBXBuildFile; fileRef = C6C62C481D21C8A100894F58 /* Main.storyboard */; };
		C6C62C4C1D21C8A100894F58 /* Assets.xcassets in Resources */ = {isa = PBXBuildFile; fileRef = C6C62C4B1D21C8A100894F58 /* Assets.xcassets */; };
		C6C62C4F1D21C8A100894F58 /* LaunchScreen.storyboard in Resources */ = {isa = PBXBuildFile; fileRef = C6C62C4D1D21C8A100894F58 /* LaunchScreen.storyboard */; };
		C6C62C571D21C9F200894F58 /* Question.swift in Sources */ = {isa = PBXBuildFile; fileRef = C6C62C561D21C9F200894F58 /* Question.swift */; };
		C6C62C591D21CB2000894F58 /* QuestionTableViewController.swift in Sources */ = {isa = PBXBuildFile; fileRef = C6C62C581D21CB2000894F58 /* QuestionTableViewController.swift */; };
		C6C62C5B1D21D01500894F58 /* AnswerViewController.swift in Sources */ = {isa = PBXBuildFile; fileRef = C6C62C5A1D21D01500894F58 /* AnswerViewController.swift */; };
/* End PBXBuildFile section */

/* Begin PBXFileReference section */
		C6C62C411D21C8A100894F58 /* QandA.app */ = {isa = PBXFileReference; explicitFileType = wrapper.application; includeInIndex = 0; path = QandA.app; sourceTree = BUILT_PRODUCTS_DIR; };
		C6C62C441D21C8A100894F58 /* AppDelegate.swift */ = {isa = PBXFileReference; lastKnownFileType = sourcecode.swift; path = AppDelegate.swift; sourceTree = "<group>"; };
		C6C62C491D21C8A100894F58 /* Base */ = {isa = PBXFileReference; lastKnownFileType = file.storyboard; name = Base; path = Base.lproj/Main.storyboard; sourceTree = "<group>"; };
		C6C62C4B1D21C8A100894F58 /* Assets.xcassets */ = {isa = PBXFileReference; lastKnownFileType = folder.assetcatalog; path = Assets.xcassets; sourceTree = "<group>"; };
		C6C62C4E1D21C8A100894F58 /* Base */ = {isa = PBXFileReference; lastKnownFileType = file.storyboard; name = Base; path = Base.lproj/LaunchScreen.storyboard; sourceTree = "<group>"; };
		C6C62C501D21C8A100894F58 /* Info.plist */ = {isa = PBXFileReference; lastKnownFileType = text.plist.xml; path = Info.plist; sourceTree = "<group>"; };
		C6C62C561D21C9F200894F58 /* Question.swift */ = {isa = PBXFileReference; fileEncoding = 4; lastKnownFileType = sourcecode.swift; path = Question.swift; sourceTree = "<group>"; };
		C6C62C581D21CB2000894F58 /* QuestionTableViewController.swift */ = {isa = PBXFileReference; fileEncoding = 4; lastKnownFileType = sourcecode.swift; name = QuestionTableViewController.swift; path = ../QuestionTableViewController.swift; sourceTree = "<group>"; };
		C6C62C5A1D21D01500894F58 /* AnswerViewController.swift */ = {isa = PBXFileReference; fileEncoding = 4; lastKnownFileType = sourcecode.swift; path = AnswerViewController.swift; sourceTree = "<group>"; };
/* End PBXFileReference section */

/* Begin PBXFrameworksBuildPhase section */
		C6C62C3E1D21C8A100894F58 /* Frameworks */ = {
			isa = PBXFrameworksBuildPhase;
			buildActionMask = 2147483647;
			files = (
			);
			runOnlyForDeploymentPostprocessing = 0;
		};
/* End PBXFrameworksBuildPhase section */

/* Begin PBXGroup section */
		C6C62C381D21C8A100894F58 = {
			isa = PBXGroup;
			children = (
				C6C62C431D21C8A100894F58 /* QandA */,
				C6C62C421D21C8A100894F58 /* Products */,
			);
			sourceTree = "<group>";
		};
		C6C62C421D21C8A100894F58 /* Products */ = {
			isa = PBXGroup;
			children = (
				C6C62C411D21C8A100894F58 /* QandA.app */,
			);
			name = Products;
			sourceTree = "<group>";
		};
		C6C62C431D21C8A100894F58 /* QandA */ = {
			isa = PBXGroup;
			children = (
				C6C62C441D21C8A100894F58 /* AppDelegate.swift */,
				C6C62C5D1D21D02900894F58 /* Model */,
				C6C62C5C1D21D01E00894F58 /* Controllers */,
				C6C62C481D21C8A100894F58 /* Main.storyboard */,
				C6C62C4B1D21C8A100894F58 /* Assets.xcassets */,
				C6C62C4D1D21C8A100894F58 /* LaunchScreen.storyboard */,
				C6C62C501D21C8A100894F58 /* Info.plist */,
			);
			path = QandA;
			sourceTree = "<group>";
		};
		C6C62C5C1D21D01E00894F58 /* Controllers */ = {
			isa = PBXGroup;
			children = (
				C6C62C581D21CB2000894F58 /* QuestionTableViewController.swift */,
				C6C62C5A1D21D01500894F58 /* AnswerViewController.swift */,
			);
			name = Controllers;
			sourceTree = "<group>";
		};
		C6C62C5D1D21D02900894F58 /* Model */ = {
			isa = PBXGroup;
			children = (
				C6C62C561D21C9F200894F58 /* Question.swift */,
			);
			name = Model;
			sourceTree = "<group>";
		};
/* End PBXGroup section */

/* Begin PBXNativeTarget section */
		C6C62C401D21C8A100894F58 /* QandA */ = {
			isa = PBXNativeTarget;
			buildConfigurationList = C6C62C531D21C8A100894F58 /* Build configuration list for PBXNativeTarget "QandA" */;
			buildPhases = (
				C6C62C3D1D21C8A100894F58 /* Sources */,
				C6C62C3E1D21C8A100894F58 /* Frameworks */,
				C6C62C3F1D21C8A100894F58 /* Resources */,
			);
			buildRules = (
			);
			dependencies = (
			);
			name = QandA;
			productName = QandA;
			productReference = C6C62C411D21C8A100894F58 /* QandA.app */;
			productType = "com.apple.product-type.application";
		};
/* End PBXNativeTarget section */

/* Begin PBXProject section */
		C6C62C391D21C8A100894F58 /* Project object */ = {
			isa = PBXProject;
			attributes = {
				LastSwiftUpdateCheck = 0730;
				LastUpgradeCheck = 0730;
				ORGANIZATIONNAME = "Dragoman Developers, LLC";
				TargetAttributes = {
					C6C62C401D21C8A100894F58 = {
						CreatedOnToolsVersion = 7.3.1;
					};
				};
			};
			buildConfigurationList = C6C62C3C1D21C8A100894F58 /* Build configuration list for PBXProject "QandA" */;
			compatibilityVersion = "Xcode 3.2";
			developmentRegion = English;
			hasScannedForEncodings = 0;
			knownRegions = (
				en,
				Base,
			);
			mainGroup = C6C62C381D21C8A100894F58;
			productRefGroup = C6C62C421D21C8A100894F58 /* Products */;
			projectDirPath = "";
			projectRoot = "";
			targets = (
				C6C62C401D21C8A100894F58 /* QandA */,
			);
		};
/* End PBXProject section */

/* Begin PBXResourcesBuildPhase section */
		C6C62C3F1D21C8A100894F58 /* Resources */ = {
			isa = PBXResourcesBuildPhase;
			buildActionMask = 2147483647;
			files = (
				C6C62C4F1D21C8A100894F58 /* LaunchScreen.storyboard in Resources */,
				C6C62C4C1D21C8A100894F58 /* Assets.xcassets in Resources */,
				C6C62C4A1D21C8A100894F58 /* Main.storyboard in Resources */,
			);
			runOnlyForDeploymentPostprocessing = 0;
		};
/* End PBXResourcesBuildPhase section */

/* Begin PBXSourcesBuildPhase section */
		C6C62C3D1D21C8A100894F58 /* Sources */ = {
			isa = PBXSourcesBuildPhase;
			buildActionMask = 2147483647;
			files = (
				C6C62C5B1D21D01500894F58 /* AnswerViewController.swift in Sources */,
				C6C62C571D21C9F200894F58 /* Question.swift in Sources */,
				C6C62C591D21CB2000894F58 /* QuestionTableViewController.swift in Sources */,
				C6C62C451D21C8A100894F58 /* AppDelegate.swift in Sources */,
			);
			runOnlyForDeploymentPostprocessing = 0;
		};
/* End PBXSourcesBuildPhase section */

/* Begin PBXVariantGroup section */
		C6C62C481D21C8A100894F58 /* Main.storyboard */ = {
			isa = PBXVariantGroup;
			children = (
				C6C62C491D21C8A100894F58 /* Base */,
			);
			name = Main.storyboard;
			sourceTree = "<group>";
		};
		C6C62C4D1D21C8A100894F58 /* LaunchScreen.storyboard */ = {
			isa = PBXVariantGroup;
			children = (
				C6C62C4E1D21C8A100894F58 /* Base */,
			);
			name = LaunchScreen.storyboard;
			sourceTree = "<group>";
		};
/* End PBXVariantGroup section */

/* Begin XCBuildConfiguration section */
		C6C62C511D21C8A100894F58 /* Debug */ = {
			isa = XCBuildConfiguration;
			buildSettings = {
				ALWAYS_SEARCH_USER_PATHS = NO;
				CLANG_ANALYZER_NONNULL = YES;
				CLANG_CXX_LANGUAGE_STANDARD = "gnu++0x";
				CLANG_CXX_LIBRARY = "libc++";
				CLANG_ENABLE_MODULES = YES;
				CLANG_ENABLE_OBJC_ARC = YES;
				CLANG_WARN_BOOL_CONVERSION = YES;
				CLANG_WARN_CONSTANT_CONVERSION = YES;
				CLANG_WARN_DIRECT_OBJC_ISA_USAGE = YES_ERROR;
				CLANG_WARN_EMPTY_BODY = YES;
				CLANG_WARN_ENUM_CONVERSION = YES;
				CLANG_WARN_INT_CONVERSION = YES;
				CLANG_WARN_OBJC_ROOT_CLASS = YES_ERROR;
				CLANG_WARN_UNREACHABLE_CODE = YES;
				CLANG_WARN__DUPLICATE_METHOD_MATCH = YES;
				"CODE_SIGN_IDENTITY[sdk=iphoneos*]" = "iPhone Developer";
				COPY_PHASE_STRIP = NO;
				DEBUG_INFORMATION_FORMAT = dwarf;
				ENABLE_STRICT_OBJC_MSGSEND = YES;
				ENABLE_TESTABILITY = YES;
				GCC_C_LANGUAGE_STANDARD = gnu99;
				GCC_DYNAMIC_NO_PIC = NO;
				GCC_NO_COMMON_BLOCKS = YES;
				GCC_OPTIMIZATION_LEVEL = 0;
				GCC_PREPROCESSOR_DEFINITIONS = (
					"DEBUG=1",
					"$(inherited)",
				);
				GCC_WARN_64_TO_32_BIT_CONVERSION = YES;
				GCC_WARN_ABOUT_RETURN_TYPE = YES_ERROR;
				GCC_WARN_UNDECLARED_SELECTOR = YES;
				GCC_WARN_UNINITIALIZED_AUTOS = YES_AGGRESSIVE;
				GCC_WARN_UNUSED_FUNCTION = YES;
				GCC_WARN_UNUSED_VARIABLE = YES;
				IPHONEOS_DEPLOYMENT_TARGET = 9.3;
				MTL_ENABLE_DEBUG_INFO = YES;
				ONLY_ACTIVE_ARCH = YES;
				SDKROOT = iphoneos;
				SWIFT_OPTIMIZATION_LEVEL = "-Onone";
			};
			name = Debug;
		};
		C6C62C521D21C8A100894F58 /* Release */ = {
			isa = XCBuildConfiguration;
			buildSettings = {
				ALWAYS_SEARCH_USER_PATHS = NO;
				CLANG_ANALYZER_NONNULL = YES;
				CLANG_CXX_LANGUAGE_STANDARD = "gnu++0x";
				CLANG_CXX_LIBRARY = "libc++";
				CLANG_ENABLE_MODULES = YES;
				CLANG_ENABLE_OBJC_ARC = YES;
				CLANG_WARN_BOOL_CONVERSION = YES;
				CLANG_WARN_CONSTANT_CONVERSION = YES;
				CLANG_WARN_DIRECT_OBJC_ISA_USAGE = YES_ERROR;
				CLANG_WARN_EMPTY_BODY = YES;
				CLANG_WARN_ENUM_CONVERSION = YES;
				CLANG_WARN_INT_CONVERSION = YES;
				CLANG_WARN_OBJC_ROOT_CLASS = YES_ERROR;
				CLANG_WARN_UNREACHABLE_CODE = YES;
				CLANG_WARN__DUPLICATE_METHOD_MATCH = YES;
				"CODE_SIGN_IDENTITY[sdk=iphoneos*]" = "iPhone Developer";
				COPY_PHASE_STRIP = NO;
				DEBUG_INFORMATION_FORMAT = "dwarf-with-dsym";
				ENABLE_NS_ASSERTIONS = NO;
				ENABLE_STRICT_OBJC_MSGSEND = YES;
				GCC_C_LANGUAGE_STANDARD = gnu99;
				GCC_NO_COMMON_BLOCKS = YES;
				GCC_WARN_64_TO_32_BIT_CONVERSION = YES;
				GCC_WARN_ABOUT_RETURN_TYPE = YES_ERROR;
				GCC_WARN_UNDECLARED_SELECTOR = YES;
				GCC_WARN_UNINITIALIZED_AUTOS = YES_AGGRESSIVE;
				GCC_WARN_UNUSED_FUNCTION = YES;
				GCC_WARN_UNUSED_VARIABLE = YES;
				IPHONEOS_DEPLOYMENT_TARGET = 9.3;
				MTL_ENABLE_DEBUG_INFO = NO;
				SDKROOT = iphoneos;
				VALIDATE_PRODUCT = YES;
			};
			name = Release;
		};
		C6C62C541D21C8A100894F58 /* Debug */ = {
			isa = XCBuildConfiguration;
			buildSettings = {
				ASSETCATALOG_COMPILER_APPICON_NAME = AppIcon;
				INFOPLIST_FILE = QandA/Info.plist;
				LD_RUNPATH_SEARCH_PATHS = "$(inherited) @executable_path/Frameworks";
				PRODUCT_BUNDLE_IDENTIFIER = com.dragomandevelopers.QandA;
				PRODUCT_NAME = "$(TARGET_NAME)";
			};
			name = Debug;
		};
		C6C62C551D21C8A100894F58 /* Release */ = {
			isa = XCBuildConfiguration;
			buildSettings = {
				ASSETCATALOG_COMPILER_APPICON_NAME = AppIcon;
				INFOPLIST_FILE = QandA/Info.plist;
				LD_RUNPATH_SEARCH_PATHS = "$(inherited) @executable_path/Frameworks";
				PRODUCT_BUNDLE_IDENTIFIER = com.dragomandevelopers.QandA;
				PRODUCT_NAME = "$(TARGET_NAME)";
			};
			name = Release;
		};
/* End XCBuildConfiguration section */

/* Begin XCConfigurationList section */
		C6C62C3C1D21C8A100894F58 /* Build configuration list for PBXProject "QandA" */ = {
			isa = XCConfigurationList;
			buildConfigurations = (
				C6C62C511D21C8A100894F58 /* Debug */,
				C6C62C521D21C8A100894F58 /* Release */,
			);
			defaultConfigurationIsVisible = 0;
			defaultConfigurationName = Release;
		};
		C6C62C531D21C8A100894F58 /* Build configuration list for PBXNativeTarget "QandA" */ = {
			isa = XCConfigurationList;
			buildConfigurations = (
				C6C62C541D21C8A100894F58 /* Debug */,
				C6C62C551D21C8A100894F58 /* Release */,
			);
			defaultConfigurationIsVisible = 0;
		};
/* End XCConfigurationList section */
	};
	rootObject = C6C62C391D21C8A100894F58 /* Project object */;
}
